
Microsoft Visual Studio Solution File, Format Version 12.00
# Visual Studio 15
VisualStudioVersion = 15.0.26124.0
MinimumVisualStudioVersion = 15.0.26124.0
Project("{FAE04EC0-301F-11D3-BF4B-00C04F79EFBC}") = "Tests", "Tests\Tests.csproj", "{595711DB-143C-4913-B1CE-C7426604BD65}"
EndProject
Project("{2150E333-8FDC-42A3-9474-1A3956D46DE8}") = "Core", "Core", "{6C732C67-E5F8-402B-8423-C58450036DA2}"
EndProject
Project("{FAE04EC0-301F-11D3-BF4B-00C04F79EFBC}") = "Core.Domain", "Core\Core.Domain\Core.Domain.csproj", "{34B7123E-AB43-4CC4-81C8-7D85C8809E22}"
EndProject
Project("{FAE04EC0-301F-11D3-BF4B-00C04F79EFBC}") = "Shared", "Core\Shared\Shared.csproj", "{B4C2FBD6-A34B-43EC-BCCC-B72D9AEF337B}"
EndProject
Project("{FAE04EC0-301F-11D3-BF4B-00C04F79EFBC}") = "Application", "Core\Application\Application.csproj", "{0C26B0A4-237B-466D-A1E0-F4EAC3B8BE82}"
EndProject
Project("{FAE04EC0-301F-11D3-BF4B-00C04F79EFBC}") = "Persistence", "Core\Persistence\Persistence.csproj", "{43987953-B305-468E-859E-67920C00B90A}"
EndProject
Project("{2150E333-8FDC-42A3-9474-1A3956D46DE8}") = "External", "External", "{89D5F2A9-6769-48AB-B16A-2E12E4448B80}"
EndProject
Project("{FAE04EC0-301F-11D3-BF4B-00C04F79EFBC}") = "Server", "External\Server\Server.csproj", "{7420C208-8F22-43BE-9A8E-5BE7978A3E56}"
EndProject
Project("{FAE04EC0-301F-11D3-BF4B-00C04F79EFBC}") = "Client", "External\Client\Client.csproj", "{C430DDC5-9894-417D-ACB5-E0CDF7E79B1B}"
EndProject
Project("{FAE04EC0-301F-11D3-BF4B-00C04F79EFBC}") = "Authentication", "Core\Authentication\Authentication.csproj", "{30EF44EC-0C25-4B23-97B6-661B8076A77F}"
EndProject
Global
	GlobalSection(SolutionConfigurationPlatforms) = preSolution
		Debug|Any CPU = Debug|Any CPU
		Debug|x64 = Debug|x64
		Debug|x86 = Debug|x86
		Release|Any CPU = Release|Any CPU
		Release|x64 = Release|x64
		Release|x86 = Release|x86
	EndGlobalSection
	GlobalSection(SolutionProperties) = preSolution
		HideSolutionNode = FALSE
	EndGlobalSection
	GlobalSection(ProjectConfigurationPlatforms) = postSolution
		{595711DB-143C-4913-B1CE-C7426604BD65}.Debug|Any CPU.ActiveCfg = Debug|Any CPU
		{595711DB-143C-4913-B1CE-C7426604BD65}.Debug|Any CPU.Build.0 = Debug|Any CPU
		{595711DB-143C-4913-B1CE-C7426604BD65}.Debug|x64.ActiveCfg = Debug|Any CPU
		{595711DB-143C-4913-B1CE-C7426604BD65}.Debug|x64.Build.0 = Debug|Any CPU
		{595711DB-143C-4913-B1CE-C7426604BD65}.Debug|x86.ActiveCfg = Debug|Any CPU
		{595711DB-143C-4913-B1CE-C7426604BD65}.Debug|x86.Build.0 = Debug|Any CPU
		{595711DB-143C-4913-B1CE-C7426604BD65}.Release|Any CPU.ActiveCfg = Release|Any CPU
		{595711DB-143C-4913-B1CE-C7426604BD65}.Release|Any CPU.Build.0 = Release|Any CPU
		{595711DB-143C-4913-B1CE-C7426604BD65}.Release|x64.ActiveCfg = Release|Any CPU
		{595711DB-143C-4913-B1CE-C7426604BD65}.Release|x64.Build.0 = Release|Any CPU
		{595711DB-143C-4913-B1CE-C7426604BD65}.Release|x86.ActiveCfg = Release|Any CPU
		{595711DB-143C-4913-B1CE-C7426604BD65}.Release|x86.Build.0 = Release|Any CPU
		{34B7123E-AB43-4CC4-81C8-7D85C8809E22}.Debug|Any CPU.ActiveCfg = Debug|Any CPU
		{34B7123E-AB43-4CC4-81C8-7D85C8809E22}.Debug|Any CPU.Build.0 = Debug|Any CPU
		{34B7123E-AB43-4CC4-81C8-7D85C8809E22}.Debug|x64.ActiveCfg = Debug|Any CPU
		{34B7123E-AB43-4CC4-81C8-7D85C8809E22}.Debug|x64.Build.0 = Debug|Any CPU
		{34B7123E-AB43-4CC4-81C8-7D85C8809E22}.Debug|x86.ActiveCfg = Debug|Any CPU
		{34B7123E-AB43-4CC4-81C8-7D85C8809E22}.Debug|x86.Build.0 = Debug|Any CPU
		{34B7123E-AB43-4CC4-81C8-7D85C8809E22}.Release|Any CPU.ActiveCfg = Release|Any CPU
		{34B7123E-AB43-4CC4-81C8-7D85C8809E22}.Release|Any CPU.Build.0 = Release|Any CPU
		{34B7123E-AB43-4CC4-81C8-7D85C8809E22}.Release|x64.ActiveCfg = Release|Any CPU
		{34B7123E-AB43-4CC4-81C8-7D85C8809E22}.Release|x64.Build.0 = Release|Any CPU
		{34B7123E-AB43-4CC4-81C8-7D85C8809E22}.Release|x86.ActiveCfg = Release|Any CPU
		{34B7123E-AB43-4CC4-81C8-7D85C8809E22}.Release|x86.Build.0 = Release|Any CPU
		{B4C2FBD6-A34B-43EC-BCCC-B72D9AEF337B}.Debug|Any CPU.ActiveCfg = Debug|Any CPU
		{B4C2FBD6-A34B-43EC-BCCC-B72D9AEF337B}.Debug|Any CPU.Build.0 = Debug|Any CPU
		{B4C2FBD6-A34B-43EC-BCCC-B72D9AEF337B}.Debug|x64.ActiveCfg = Debug|Any CPU
		{B4C2FBD6-A34B-43EC-BCCC-B72D9AEF337B}.Debug|x64.Build.0 = Debug|Any CPU
		{B4C2FBD6-A34B-43EC-BCCC-B72D9AEF337B}.Debug|x86.ActiveCfg = Debug|Any CPU
		{B4C2FBD6-A34B-43EC-BCCC-B72D9AEF337B}.Debug|x86.Build.0 = Debug|Any CPU
		{B4C2FBD6-A34B-43EC-BCCC-B72D9AEF337B}.Release|Any CPU.ActiveCfg = Release|Any CPU
		{B4C2FBD6-A34B-43EC-BCCC-B72D9AEF337B}.Release|Any CPU.Build.0 = Release|Any CPU
		{B4C2FBD6-A34B-43EC-BCCC-B72D9AEF337B}.Release|x64.ActiveCfg = Release|Any CPU
		{B4C2FBD6-A34B-43EC-BCCC-B72D9AEF337B}.Release|x64.Build.0 = Release|Any CPU
		{B4C2FBD6-A34B-43EC-BCCC-B72D9AEF337B}.Release|x86.ActiveCfg = Release|Any CPU
		{B4C2FBD6-A34B-43EC-BCCC-B72D9AEF337B}.Release|x86.Build.0 = Release|Any CPU
		{0C26B0A4-237B-466D-A1E0-F4EAC3B8BE82}.Debug|Any CPU.ActiveCfg = Debug|Any CPU
		{0C26B0A4-237B-466D-A1E0-F4EAC3B8BE82}.Debug|Any CPU.Build.0 = Debug|Any CPU
		{0C26B0A4-237B-466D-A1E0-F4EAC3B8BE82}.Debug|x64.ActiveCfg = Debug|Any CPU
		{0C26B0A4-237B-466D-A1E0-F4EAC3B8BE82}.Debug|x64.Build.0 = Debug|Any CPU
		{0C26B0A4-237B-466D-A1E0-F4EAC3B8BE82}.Debug|x86.ActiveCfg = Debug|Any CPU
		{0C26B0A4-237B-466D-A1E0-F4EAC3B8BE82}.Debug|x86.Build.0 = Debug|Any CPU
		{0C26B0A4-237B-466D-A1E0-F4EAC3B8BE82}.Release|Any CPU.ActiveCfg = Release|Any CPU
		{0C26B0A4-237B-466D-A1E0-F4EAC3B8BE82}.Release|Any CPU.Build.0 = Release|Any CPU
		{0C26B0A4-237B-466D-A1E0-F4EAC3B8BE82}.Release|x64.ActiveCfg = Release|Any CPU
		{0C26B0A4-237B-466D-A1E0-F4EAC3B8BE82}.Release|x64.Build.0 = Release|Any CPU
		{0C26B0A4-237B-466D-A1E0-F4EAC3B8BE82}.Release|x86.ActiveCfg = Release|Any CPU
		{0C26B0A4-237B-466D-A1E0-F4EAC3B8BE82}.Release|x86.Build.0 = Release|Any CPU
		{43987953-B305-468E-859E-67920C00B90A}.Debug|Any CPU.ActiveCfg = Debug|Any CPU
		{43987953-B305-468E-859E-67920C00B90A}.Debug|Any CPU.Build.0 = Debug|Any CPU
		{43987953-B305-468E-859E-67920C00B90A}.Debug|x64.ActiveCfg = Debug|Any CPU
		{43987953-B305-468E-859E-67920C00B90A}.Debug|x64.Build.0 = Debug|Any CPU
		{43987953-B305-468E-859E-67920C00B90A}.Debug|x86.ActiveCfg = Debug|Any CPU
		{43987953-B305-468E-859E-67920C00B90A}.Debug|x86.Build.0 = Debug|Any CPU
		{43987953-B305-468E-859E-67920C00B90A}.Release|Any CPU.ActiveCfg = Release|Any CPU
		{43987953-B305-468E-859E-67920C00B90A}.Release|Any CPU.Build.0 = Release|Any CPU
		{43987953-B305-468E-859E-67920C00B90A}.Release|x64.ActiveCfg = Release|Any CPU
		{43987953-B305-468E-859E-67920C00B90A}.Release|x64.Build.0 = Release|Any CPU
		{43987953-B305-468E-859E-67920C00B90A}.Release|x86.ActiveCfg = Release|Any CPU
		{43987953-B305-468E-859E-67920C00B90A}.Release|x86.Build.0 = Release|Any CPU
		{7420C208-8F22-43BE-9A8E-5BE7978A3E56}.Debug|Any CPU.ActiveCfg = Debug|Any CPU
		{7420C208-8F22-43BE-9A8E-5BE7978A3E56}.Debug|Any CPU.Build.0 = Debug|Any CPU
		{7420C208-8F22-43BE-9A8E-5BE7978A3E56}.Debug|x64.ActiveCfg = Debug|Any CPU
		{7420C208-8F22-43BE-9A8E-5BE7978A3E56}.Debug|x64.Build.0 = Debug|Any CPU
		{7420C208-8F22-43BE-9A8E-5BE7978A3E56}.Debug|x86.ActiveCfg = Debug|Any CPU
		{7420C208-8F22-43BE-9A8E-5BE7978A3E56}.Debug|x86.Build.0 = Debug|Any CPU
		{7420C208-8F22-43BE-9A8E-5BE7978A3E56}.Release|Any CPU.ActiveCfg = Release|Any CPU
		{7420C208-8F22-43BE-9A8E-5BE7978A3E56}.Release|Any CPU.Build.0 = Release|Any CPU
		{7420C208-8F22-43BE-9A8E-5BE7978A3E56}.Release|x64.ActiveCfg = Release|Any CPU
		{7420C208-8F22-43BE-9A8E-5BE7978A3E56}.Release|x64.Build.0 = Release|Any CPU
		{7420C208-8F22-43BE-9A8E-5BE7978A3E56}.Release|x86.ActiveCfg = Release|Any CPU
		{7420C208-8F22-43BE-9A8E-5BE7978A3E56}.Release|x86.Build.0 = Release|Any CPU
		{C430DDC5-9894-417D-ACB5-E0CDF7E79B1B}.Debug|Any CPU.ActiveCfg = Debug|Any CPU
		{C430DDC5-9894-417D-ACB5-E0CDF7E79B1B}.Debug|Any CPU.Build.0 = Debug|Any CPU
		{C430DDC5-9894-417D-ACB5-E0CDF7E79B1B}.Debug|x64.ActiveCfg = Debug|Any CPU
		{C430DDC5-9894-417D-ACB5-E0CDF7E79B1B}.Debug|x64.Build.0 = Debug|Any CPU
		{C430DDC5-9894-417D-ACB5-E0CDF7E79B1B}.Debug|x86.ActiveCfg = Debug|Any CPU
		{C430DDC5-9894-417D-ACB5-E0CDF7E79B1B}.Debug|x86.Build.0 = Debug|Any CPU
		{C430DDC5-9894-417D-ACB5-E0CDF7E79B1B}.Release|Any CPU.ActiveCfg = Release|Any CPU
		{C430DDC5-9894-417D-ACB5-E0CDF7E79B1B}.Release|Any CPU.Build.0 = Release|Any CPU
		{C430DDC5-9894-417D-ACB5-E0CDF7E79B1B}.Release|x64.ActiveCfg = Release|Any CPU
		{C430DDC5-9894-417D-ACB5-E0CDF7E79B1B}.Release|x64.Build.0 = Release|Any CPU
		{C430DDC5-9894-417D-ACB5-E0CDF7E79B1B}.Release|x86.ActiveCfg = Release|Any CPU
		{C430DDC5-9894-417D-ACB5-E0CDF7E79B1B}.Release|x86.Build.0 = Release|Any CPU
		{30EF44EC-0C25-4B23-97B6-661B8076A77F}.Debug|Any CPU.ActiveCfg = Debug|Any CPU
		{30EF44EC-0C25-4B23-97B6-661B8076A77F}.Debug|Any CPU.Build.0 = Debug|Any CPU
		{30EF44EC-0C25-4B23-97B6-661B8076A77F}.Debug|x64.ActiveCfg = Debug|Any CPU
		{30EF44EC-0C25-4B23-97B6-661B8076A77F}.Debug|x64.Build.0 = Debug|Any CPU
		{30EF44EC-0C25-4B23-97B6-661B8076A77F}.Debug|x86.ActiveCfg = Debug|Any CPU
		{30EF44EC-0C25-4B23-97B6-661B8076A77F}.Debug|x86.Build.0 = Debug|Any CPU
		{30EF44EC-0C25-4B23-97B6-661B8076A77F}.Release|Any CPU.ActiveCfg = Release|Any CPU
		{30EF44EC-0C25-4B23-97B6-661B8076A77F}.Release|Any CPU.Build.0 = Release|Any CPU
		{30EF44EC-0C25-4B23-97B6-661B8076A77F}.Release|x64.ActiveCfg = Release|Any CPU
		{30EF44EC-0C25-4B23-97B6-661B8076A77F}.Release|x64.Build.0 = Release|Any CPU
		{30EF44EC-0C25-4B23-97B6-661B8076A77F}.Release|x86.ActiveCfg = Release|Any CPU
		{30EF44EC-0C25-4B23-97B6-661B8076A77F}.Release|x86.Build.0 = Release|Any CPU
	EndGlobalSection
	GlobalSection(NestedProjects) = preSolution
		{34B7123E-AB43-4CC4-81C8-7D85C8809E22} = {6C732C67-E5F8-402B-8423-C58450036DA2}
		{B4C2FBD6-A34B-43EC-BCCC-B72D9AEF337B} = {6C732C67-E5F8-402B-8423-C58450036DA2}
		{0C26B0A4-237B-466D-A1E0-F4EAC3B8BE82} = {6C732C67-E5F8-402B-8423-C58450036DA2}
		{43987953-B305-468E-859E-67920C00B90A} = {6C732C67-E5F8-402B-8423-C58450036DA2}
		{7420C208-8F22-43BE-9A8E-5BE7978A3E56} = {89D5F2A9-6769-48AB-B16A-2E12E4448B80}
		{C430DDC5-9894-417D-ACB5-E0CDF7E79B1B} = {89D5F2A9-6769-48AB-B16A-2E12E4448B80}
		{30EF44EC-0C25-4B23-97B6-661B8076A77F} = {6C732C67-E5F8-402B-8423-C58450036DA2}
	EndGlobalSection
EndGlobal
