
Microsoft Visual Studio Solution File, Format Version 12.00
# Visual Studio 15
VisualStudioVersion = 15.0.26124.0
MinimumVisualStudioVersion = 15.0.26124.0
Project("{FAE04EC0-301F-11D3-BF4B-00C04F79EFBC}") = "Tests", "Tests\Tests.csproj", "{595711DB-143C-4913-B1CE-C7426604BD65}"
EndProject
Project("{2150E333-8FDC-42A3-9474-1A3956D46DE8}") = "Core", "Core", "{6C732C67-E5F8-402B-8423-C58450036DA2}"
EndProject
Project("{FAE04EC0-301F-11D3-BF4B-00C04F79EFBC}") = "Domain", "Core\Domain\Domain.csproj", "{34B7123E-AB43-4CC4-81C8-7D85C8809E22}"
EndProject
Project("{FAE04EC0-301F-11D3-BF4B-00C04F79EFBC}") = "Shared", "Core\Shared\Shared.csproj", "{B4C2FBD6-A34B-43EC-BCCC-B72D9AEF337B}"
EndProject
Project("{FAE04EC0-301F-11D3-BF4B-00C04F79EFBC}") = "Application", "Core\Application\Application.csproj", "{0C26B0A4-237B-466D-A1E0-F4EAC3B8BE82}"
EndProject
Global
	GlobalSection(SolutionConfigurationPlatforms) = preSolution
		Debug|Any CPU = Debug|Any CPU
		Debug|x64 = Debug|x64
		Debug|x86 = Debug|x86
		Release|Any CPU = Release|Any CPU
		Release|x64 = Release|x64
		Release|x86 = Release|x86
	EndGlobalSection
	GlobalSection(SolutionProperties) = preSolution
		HideSolutionNode = FALSE
	EndGlobalSection
	GlobalSection(ProjectConfigurationPlatforms) = postSolution
		{595711DB-143C-4913-B1CE-C7426604BD65}.Debug|Any CPU.ActiveCfg = Debug|Any CPU
		{595711DB-143C-4913-B1CE-C7426604BD65}.Debug|Any CPU.Build.0 = Debug|Any CPU
		{595711DB-143C-4913-B1CE-C7426604BD65}.Debug|x64.ActiveCfg = Debug|Any CPU
		{595711DB-143C-4913-B1CE-C7426604BD65}.Debug|x64.Build.0 = Debug|Any CPU
		{595711DB-143C-4913-B1CE-C7426604BD65}.Debug|x86.ActiveCfg = Debug|Any CPU
		{595711DB-143C-4913-B1CE-C7426604BD65}.Debug|x86.Build.0 = Debug|Any CPU
		{595711DB-143C-4913-B1CE-C7426604BD65}.Release|Any CPU.ActiveCfg = Release|Any CPU
		{595711DB-143C-4913-B1CE-C7426604BD65}.Release|Any CPU.Build.0 = Release|Any CPU
		{595711DB-143C-4913-B1CE-C7426604BD65}.Release|x64.ActiveCfg = Release|Any CPU
		{595711DB-143C-4913-B1CE-C7426604BD65}.Release|x64.Build.0 = Release|Any CPU
		{595711DB-143C-4913-B1CE-C7426604BD65}.Release|x86.ActiveCfg = Release|Any CPU
		{595711DB-143C-4913-B1CE-C7426604BD65}.Release|x86.Build.0 = Release|Any CPU
		{34B7123E-AB43-4CC4-81C8-7D85C8809E22}.Debug|Any CPU.ActiveCfg = Debug|Any CPU
		{34B7123E-AB43-4CC4-81C8-7D85C8809E22}.Debug|Any CPU.Build.0 = Debug|Any CPU
		{34B7123E-AB43-4CC4-81C8-7D85C8809E22}.Debug|x64.ActiveCfg = Debug|Any CPU
		{34B7123E-AB43-4CC4-81C8-7D85C8809E22}.Debug|x64.Build.0 = Debug|Any CPU
		{34B7123E-AB43-4CC4-81C8-7D85C8809E22}.Debug|x86.ActiveCfg = Debug|Any CPU
		{34B7123E-AB43-4CC4-81C8-7D85C8809E22}.Debug|x86.Build.0 = Debug|Any CPU
		{34B7123E-AB43-4CC4-81C8-7D85C8809E22}.Release|Any CPU.ActiveCfg = Release|Any CPU
		{34B7123E-AB43-4CC4-81C8-7D85C8809E22}.Release|Any CPU.Build.0 = Release|Any CPU
		{34B7123E-AB43-4CC4-81C8-7D85C8809E22}.Release|x64.ActiveCfg = Release|Any CPU
		{34B7123E-AB43-4CC4-81C8-7D85C8809E22}.Release|x64.Build.0 = Release|Any CPU
		{34B7123E-AB43-4CC4-81C8-7D85C8809E22}.Release|x86.ActiveCfg = Release|Any CPU
		{34B7123E-AB43-4CC4-81C8-7D85C8809E22}.Release|x86.Build.0 = Release|Any CPU
		{B4C2FBD6-A34B-43EC-BCCC-B72D9AEF337B}.Debug|Any CPU.ActiveCfg = Debug|Any CPU
		{B4C2FBD6-A34B-43EC-BCCC-B72D9AEF337B}.Debug|Any CPU.Build.0 = Debug|Any CPU
		{B4C2FBD6-A34B-43EC-BCCC-B72D9AEF337B}.Debug|x64.ActiveCfg = Debug|Any CPU
		{B4C2FBD6-A34B-43EC-BCCC-B72D9AEF337B}.Debug|x64.Build.0 = Debug|Any CPU
		{B4C2FBD6-A34B-43EC-BCCC-B72D9AEF337B}.Debug|x86.ActiveCfg = Debug|Any CPU
		{B4C2FBD6-A34B-43EC-BCCC-B72D9AEF337B}.Debug|x86.Build.0 = Debug|Any CPU
		{B4C2FBD6-A34B-43EC-BCCC-B72D9AEF337B}.Release|Any CPU.ActiveCfg = Release|Any CPU
		{B4C2FBD6-A34B-43EC-BCCC-B72D9AEF337B}.Release|Any CPU.Build.0 = Release|Any CPU
		{B4C2FBD6-A34B-43EC-BCCC-B72D9AEF337B}.Release|x64.ActiveCfg = Release|Any CPU
		{B4C2FBD6-A34B-43EC-BCCC-B72D9AEF337B}.Release|x64.Build.0 = Release|Any CPU
		{B4C2FBD6-A34B-43EC-BCCC-B72D9AEF337B}.Release|x86.ActiveCfg = Release|Any CPU
		{B4C2FBD6-A34B-43EC-BCCC-B72D9AEF337B}.Release|x86.Build.0 = Release|Any CPU
		{0C26B0A4-237B-466D-A1E0-F4EAC3B8BE82}.Debug|Any CPU.ActiveCfg = Debug|Any CPU
		{0C26B0A4-237B-466D-A1E0-F4EAC3B8BE82}.Debug|Any CPU.Build.0 = Debug|Any CPU
		{0C26B0A4-237B-466D-A1E0-F4EAC3B8BE82}.Debug|x64.ActiveCfg = Debug|Any CPU
		{0C26B0A4-237B-466D-A1E0-F4EAC3B8BE82}.Debug|x64.Build.0 = Debug|Any CPU
		{0C26B0A4-237B-466D-A1E0-F4EAC3B8BE82}.Debug|x86.ActiveCfg = Debug|Any CPU
		{0C26B0A4-237B-466D-A1E0-F4EAC3B8BE82}.Debug|x86.Build.0 = Debug|Any CPU
		{0C26B0A4-237B-466D-A1E0-F4EAC3B8BE82}.Release|Any CPU.ActiveCfg = Release|Any CPU
		{0C26B0A4-237B-466D-A1E0-F4EAC3B8BE82}.Release|Any CPU.Build.0 = Release|Any CPU
		{0C26B0A4-237B-466D-A1E0-F4EAC3B8BE82}.Release|x64.ActiveCfg = Release|Any CPU
		{0C26B0A4-237B-466D-A1E0-F4EAC3B8BE82}.Release|x64.Build.0 = Release|Any CPU
		{0C26B0A4-237B-466D-A1E0-F4EAC3B8BE82}.Release|x86.ActiveCfg = Release|Any CPU
		{0C26B0A4-237B-466D-A1E0-F4EAC3B8BE82}.Release|x86.Build.0 = Release|Any CPU
	EndGlobalSection
	GlobalSection(NestedProjects) = preSolution
		{34B7123E-AB43-4CC4-81C8-7D85C8809E22} = {6C732C67-E5F8-402B-8423-C58450036DA2}
		{B4C2FBD6-A34B-43EC-BCCC-B72D9AEF337B} = {6C732C67-E5F8-402B-8423-C58450036DA2}
		{0C26B0A4-237B-466D-A1E0-F4EAC3B8BE82} = {6C732C67-E5F8-402B-8423-C58450036DA2}
	EndGlobalSection
EndGlobal
