
Microsoft Visual Studio Solution File, Format Version 12.00
# Visual Studio 15
VisualStudioVersion = 15.0.26124.0
MinimumVisualStudioVersion = 15.0.26124.0
Project("{2150E333-8FDC-42A3-9474-1A3956D46DE8}") = "Core", "Core", "{6C732C67-E5F8-402B-8423-C58450036DA2}"
EndProject
Project("{FAE04EC0-301F-11D3-BF4B-00C04F79EFBC}") = "Core.Domain", "Core\Core.Domain\Core.Domain.csproj", "{34B7123E-AB43-4CC4-81C8-7D85C8809E22}"
EndProject
Project("{FAE04EC0-301F-11D3-BF4B-00C04F79EFBC}") = "Core.Shared", "Core\Core.Shared\Core.Shared.csproj", "{B4C2FBD6-A34B-43EC-BCCC-B72D9AEF337B}"
EndProject
Project("{FAE04EC0-301F-11D3-BF4B-00C04F79EFBC}") = "Core.Application", "Core\Core.Application\Core.Application.csproj", "{0C26B0A4-237B-466D-A1E0-F4EAC3B8BE82}"
EndProject
Project("{FAE04EC0-301F-11D3-BF4B-00C04F79EFBC}") = "Core.Persistence", "Core\Core.Persistence\Core.Persistence.csproj", "{43987953-B305-468E-859E-67920C00B90A}"
EndProject
Project("{2150E333-8FDC-42A3-9474-1A3956D46DE8}") = "External", "External", "{89D5F2A9-6769-48AB-B16A-2E12E4448B80}"
EndProject
Project("{FAE04EC0-301F-11D3-BF4B-00C04F79EFBC}") = "External.Server", "External\External.Server\External.Server.csproj", "{7420C208-8F22-43BE-9A8E-5BE7978A3E56}"
EndProject
Project("{FAE04EC0-301F-11D3-BF4B-00C04F79EFBC}") = "External.Client", "External\External.Client\External.Client.csproj", "{C430DDC5-9894-417D-ACB5-E0CDF7E79B1B}"
EndProject
Project("{FAE04EC0-301F-11D3-BF4B-00C04F79EFBC}") = "Core.Authentication", "Core\Core.Authentication\Core.Authentication.csproj", "{30EF44EC-0C25-4B23-97B6-661B8076A77F}"
EndProject
Project("{2150E333-8FDC-42A3-9474-1A3956D46DE8}") = "Tests", "Tests", "{38D62A6C-8037-4AD0-B461-D9D68D5DCEE3}"
EndProject
Project("{FAE04EC0-301F-11D3-BF4B-00C04F79EFBC}") = "Tests.Domain", "Tests\Tests.Domain\Tests.Domain.csproj", "{B7C5E632-BBF4-47DA-81CD-C14584B5C591}"
EndProject
Project("{FAE04EC0-301F-11D3-BF4B-00C04F79EFBC}") = "Tests.Shared", "Tests\Tests.Shared\Tests.Shared.csproj", "{8B3CB367-CB89-40EE-A79F-350C455C63A0}"
EndProject
Project("{FAE04EC0-301F-11D3-BF4B-00C04F79EFBC}") = "Tests.Authentication", "Tests\Tests.Authentication\Tests.Authentication.csproj", "{E3B0FD83-A9C1-470E-87E0-2874C4AECD4B}"
EndProject
Project("{FAE04EC0-301F-11D3-BF4B-00C04F79EFBC}") = "Tests.Server", "Tests\Tests.Server\Tests.Server.csproj", "{29CEE812-23DC-4FB2-8492-AFD6CBC4D260}"
EndProject
Project("{FAE04EC0-301F-11D3-BF4B-00C04F79EFBC}") = "Tests.Application", "Tests\Tests.Application\Tests.Application.csproj", "{882B2B0F-EF8C-4D3F-A60A-30514F88D3C7}"
EndProject
Project("{FAE04EC0-301F-11D3-BF4B-00C04F79EFBC}") = "Tests.Persistence", "Tests\Tests.Persistence\Tests.Persistence.csproj", "{584F5B9E-7163-4604-B5C9-6ECB7A736BC1}"
EndProject
Global
	GlobalSection(SolutionConfigurationPlatforms) = preSolution
		Debug|Any CPU = Debug|Any CPU
		Debug|x64 = Debug|x64
		Debug|x86 = Debug|x86
		Release|Any CPU = Release|Any CPU
		Release|x64 = Release|x64
		Release|x86 = Release|x86
	EndGlobalSection
	GlobalSection(SolutionProperties) = preSolution
		HideSolutionNode = FALSE
	EndGlobalSection
	GlobalSection(ProjectConfigurationPlatforms) = postSolution
		{34B7123E-AB43-4CC4-81C8-7D85C8809E22}.Debug|Any CPU.ActiveCfg = Debug|Any CPU
		{34B7123E-AB43-4CC4-81C8-7D85C8809E22}.Debug|Any CPU.Build.0 = Debug|Any CPU
		{34B7123E-AB43-4CC4-81C8-7D85C8809E22}.Debug|x64.ActiveCfg = Debug|Any CPU
		{34B7123E-AB43-4CC4-81C8-7D85C8809E22}.Debug|x64.Build.0 = Debug|Any CPU
		{34B7123E-AB43-4CC4-81C8-7D85C8809E22}.Debug|x86.ActiveCfg = Debug|Any CPU
		{34B7123E-AB43-4CC4-81C8-7D85C8809E22}.Debug|x86.Build.0 = Debug|Any CPU
		{34B7123E-AB43-4CC4-81C8-7D85C8809E22}.Release|Any CPU.ActiveCfg = Release|Any CPU
		{34B7123E-AB43-4CC4-81C8-7D85C8809E22}.Release|Any CPU.Build.0 = Release|Any CPU
		{34B7123E-AB43-4CC4-81C8-7D85C8809E22}.Release|x64.ActiveCfg = Release|Any CPU
		{34B7123E-AB43-4CC4-81C8-7D85C8809E22}.Release|x64.Build.0 = Release|Any CPU
		{34B7123E-AB43-4CC4-81C8-7D85C8809E22}.Release|x86.ActiveCfg = Release|Any CPU
		{34B7123E-AB43-4CC4-81C8-7D85C8809E22}.Release|x86.Build.0 = Release|Any CPU
		{B4C2FBD6-A34B-43EC-BCCC-B72D9AEF337B}.Debug|Any CPU.ActiveCfg = Debug|Any CPU
		{B4C2FBD6-A34B-43EC-BCCC-B72D9AEF337B}.Debug|Any CPU.Build.0 = Debug|Any CPU
		{B4C2FBD6-A34B-43EC-BCCC-B72D9AEF337B}.Debug|x64.ActiveCfg = Debug|Any CPU
		{B4C2FBD6-A34B-43EC-BCCC-B72D9AEF337B}.Debug|x64.Build.0 = Debug|Any CPU
		{B4C2FBD6-A34B-43EC-BCCC-B72D9AEF337B}.Debug|x86.ActiveCfg = Debug|Any CPU
		{B4C2FBD6-A34B-43EC-BCCC-B72D9AEF337B}.Debug|x86.Build.0 = Debug|Any CPU
		{B4C2FBD6-A34B-43EC-BCCC-B72D9AEF337B}.Release|Any CPU.ActiveCfg = Release|Any CPU
		{B4C2FBD6-A34B-43EC-BCCC-B72D9AEF337B}.Release|Any CPU.Build.0 = Release|Any CPU
		{B4C2FBD6-A34B-43EC-BCCC-B72D9AEF337B}.Release|x64.ActiveCfg = Release|Any CPU
		{B4C2FBD6-A34B-43EC-BCCC-B72D9AEF337B}.Release|x64.Build.0 = Release|Any CPU
		{B4C2FBD6-A34B-43EC-BCCC-B72D9AEF337B}.Release|x86.ActiveCfg = Release|Any CPU
		{B4C2FBD6-A34B-43EC-BCCC-B72D9AEF337B}.Release|x86.Build.0 = Release|Any CPU
		{0C26B0A4-237B-466D-A1E0-F4EAC3B8BE82}.Debug|Any CPU.ActiveCfg = Debug|Any CPU
		{0C26B0A4-237B-466D-A1E0-F4EAC3B8BE82}.Debug|Any CPU.Build.0 = Debug|Any CPU
		{0C26B0A4-237B-466D-A1E0-F4EAC3B8BE82}.Debug|x64.ActiveCfg = Debug|Any CPU
		{0C26B0A4-237B-466D-A1E0-F4EAC3B8BE82}.Debug|x64.Build.0 = Debug|Any CPU
		{0C26B0A4-237B-466D-A1E0-F4EAC3B8BE82}.Debug|x86.ActiveCfg = Debug|Any CPU
		{0C26B0A4-237B-466D-A1E0-F4EAC3B8BE82}.Debug|x86.Build.0 = Debug|Any CPU
		{0C26B0A4-237B-466D-A1E0-F4EAC3B8BE82}.Release|Any CPU.ActiveCfg = Release|Any CPU
		{0C26B0A4-237B-466D-A1E0-F4EAC3B8BE82}.Release|Any CPU.Build.0 = Release|Any CPU
		{0C26B0A4-237B-466D-A1E0-F4EAC3B8BE82}.Release|x64.ActiveCfg = Release|Any CPU
		{0C26B0A4-237B-466D-A1E0-F4EAC3B8BE82}.Release|x64.Build.0 = Release|Any CPU
		{0C26B0A4-237B-466D-A1E0-F4EAC3B8BE82}.Release|x86.ActiveCfg = Release|Any CPU
		{0C26B0A4-237B-466D-A1E0-F4EAC3B8BE82}.Release|x86.Build.0 = Release|Any CPU
		{43987953-B305-468E-859E-67920C00B90A}.Debug|Any CPU.ActiveCfg = Debug|Any CPU
		{43987953-B305-468E-859E-67920C00B90A}.Debug|Any CPU.Build.0 = Debug|Any CPU
		{43987953-B305-468E-859E-67920C00B90A}.Debug|x64.ActiveCfg = Debug|Any CPU
		{43987953-B305-468E-859E-67920C00B90A}.Debug|x64.Build.0 = Debug|Any CPU
		{43987953-B305-468E-859E-67920C00B90A}.Debug|x86.ActiveCfg = Debug|Any CPU
		{43987953-B305-468E-859E-67920C00B90A}.Debug|x86.Build.0 = Debug|Any CPU
		{43987953-B305-468E-859E-67920C00B90A}.Release|Any CPU.ActiveCfg = Release|Any CPU
		{43987953-B305-468E-859E-67920C00B90A}.Release|Any CPU.Build.0 = Release|Any CPU
		{43987953-B305-468E-859E-67920C00B90A}.Release|x64.ActiveCfg = Release|Any CPU
		{43987953-B305-468E-859E-67920C00B90A}.Release|x64.Build.0 = Release|Any CPU
		{43987953-B305-468E-859E-67920C00B90A}.Release|x86.ActiveCfg = Release|Any CPU
		{43987953-B305-468E-859E-67920C00B90A}.Release|x86.Build.0 = Release|Any CPU
		{7420C208-8F22-43BE-9A8E-5BE7978A3E56}.Debug|Any CPU.ActiveCfg = Debug|Any CPU
		{7420C208-8F22-43BE-9A8E-5BE7978A3E56}.Debug|Any CPU.Build.0 = Debug|Any CPU
		{7420C208-8F22-43BE-9A8E-5BE7978A3E56}.Debug|x64.ActiveCfg = Debug|Any CPU
		{7420C208-8F22-43BE-9A8E-5BE7978A3E56}.Debug|x64.Build.0 = Debug|Any CPU
		{7420C208-8F22-43BE-9A8E-5BE7978A3E56}.Debug|x86.ActiveCfg = Debug|Any CPU
		{7420C208-8F22-43BE-9A8E-5BE7978A3E56}.Debug|x86.Build.0 = Debug|Any CPU
		{7420C208-8F22-43BE-9A8E-5BE7978A3E56}.Release|Any CPU.ActiveCfg = Release|Any CPU
		{7420C208-8F22-43BE-9A8E-5BE7978A3E56}.Release|Any CPU.Build.0 = Release|Any CPU
		{7420C208-8F22-43BE-9A8E-5BE7978A3E56}.Release|x64.ActiveCfg = Release|Any CPU
		{7420C208-8F22-43BE-9A8E-5BE7978A3E56}.Release|x64.Build.0 = Release|Any CPU
		{7420C208-8F22-43BE-9A8E-5BE7978A3E56}.Release|x86.ActiveCfg = Release|Any CPU
		{7420C208-8F22-43BE-9A8E-5BE7978A3E56}.Release|x86.Build.0 = Release|Any CPU
		{C430DDC5-9894-417D-ACB5-E0CDF7E79B1B}.Debug|Any CPU.ActiveCfg = Debug|Any CPU
		{C430DDC5-9894-417D-ACB5-E0CDF7E79B1B}.Debug|Any CPU.Build.0 = Debug|Any CPU
		{C430DDC5-9894-417D-ACB5-E0CDF7E79B1B}.Debug|x64.ActiveCfg = Debug|Any CPU
		{C430DDC5-9894-417D-ACB5-E0CDF7E79B1B}.Debug|x64.Build.0 = Debug|Any CPU
		{C430DDC5-9894-417D-ACB5-E0CDF7E79B1B}.Debug|x86.ActiveCfg = Debug|Any CPU
		{C430DDC5-9894-417D-ACB5-E0CDF7E79B1B}.Debug|x86.Build.0 = Debug|Any CPU
		{C430DDC5-9894-417D-ACB5-E0CDF7E79B1B}.Release|Any CPU.ActiveCfg = Release|Any CPU
		{C430DDC5-9894-417D-ACB5-E0CDF7E79B1B}.Release|Any CPU.Build.0 = Release|Any CPU
		{C430DDC5-9894-417D-ACB5-E0CDF7E79B1B}.Release|x64.ActiveCfg = Release|Any CPU
		{C430DDC5-9894-417D-ACB5-E0CDF7E79B1B}.Release|x64.Build.0 = Release|Any CPU
		{C430DDC5-9894-417D-ACB5-E0CDF7E79B1B}.Release|x86.ActiveCfg = Release|Any CPU
		{C430DDC5-9894-417D-ACB5-E0CDF7E79B1B}.Release|x86.Build.0 = Release|Any CPU
		{30EF44EC-0C25-4B23-97B6-661B8076A77F}.Debug|Any CPU.ActiveCfg = Debug|Any CPU
		{30EF44EC-0C25-4B23-97B6-661B8076A77F}.Debug|Any CPU.Build.0 = Debug|Any CPU
		{30EF44EC-0C25-4B23-97B6-661B8076A77F}.Debug|x64.ActiveCfg = Debug|Any CPU
		{30EF44EC-0C25-4B23-97B6-661B8076A77F}.Debug|x64.Build.0 = Debug|Any CPU
		{30EF44EC-0C25-4B23-97B6-661B8076A77F}.Debug|x86.ActiveCfg = Debug|Any CPU
		{30EF44EC-0C25-4B23-97B6-661B8076A77F}.Debug|x86.Build.0 = Debug|Any CPU
		{30EF44EC-0C25-4B23-97B6-661B8076A77F}.Release|Any CPU.ActiveCfg = Release|Any CPU
		{30EF44EC-0C25-4B23-97B6-661B8076A77F}.Release|Any CPU.Build.0 = Release|Any CPU
		{30EF44EC-0C25-4B23-97B6-661B8076A77F}.Release|x64.ActiveCfg = Release|Any CPU
		{30EF44EC-0C25-4B23-97B6-661B8076A77F}.Release|x64.Build.0 = Release|Any CPU
		{30EF44EC-0C25-4B23-97B6-661B8076A77F}.Release|x86.ActiveCfg = Release|Any CPU
		{30EF44EC-0C25-4B23-97B6-661B8076A77F}.Release|x86.Build.0 = Release|Any CPU
		{B7C5E632-BBF4-47DA-81CD-C14584B5C591}.Debug|Any CPU.ActiveCfg = Debug|Any CPU
		{B7C5E632-BBF4-47DA-81CD-C14584B5C591}.Debug|Any CPU.Build.0 = Debug|Any CPU
		{B7C5E632-BBF4-47DA-81CD-C14584B5C591}.Debug|x64.ActiveCfg = Debug|Any CPU
		{B7C5E632-BBF4-47DA-81CD-C14584B5C591}.Debug|x64.Build.0 = Debug|Any CPU
		{B7C5E632-BBF4-47DA-81CD-C14584B5C591}.Debug|x86.ActiveCfg = Debug|Any CPU
		{B7C5E632-BBF4-47DA-81CD-C14584B5C591}.Debug|x86.Build.0 = Debug|Any CPU
		{B7C5E632-BBF4-47DA-81CD-C14584B5C591}.Release|Any CPU.ActiveCfg = Release|Any CPU
		{B7C5E632-BBF4-47DA-81CD-C14584B5C591}.Release|Any CPU.Build.0 = Release|Any CPU
		{B7C5E632-BBF4-47DA-81CD-C14584B5C591}.Release|x64.ActiveCfg = Release|Any CPU
		{B7C5E632-BBF4-47DA-81CD-C14584B5C591}.Release|x64.Build.0 = Release|Any CPU
		{B7C5E632-BBF4-47DA-81CD-C14584B5C591}.Release|x86.ActiveCfg = Release|Any CPU
		{B7C5E632-BBF4-47DA-81CD-C14584B5C591}.Release|x86.Build.0 = Release|Any CPU
		{8B3CB367-CB89-40EE-A79F-350C455C63A0}.Debug|Any CPU.ActiveCfg = Debug|Any CPU
		{8B3CB367-CB89-40EE-A79F-350C455C63A0}.Debug|Any CPU.Build.0 = Debug|Any CPU
		{8B3CB367-CB89-40EE-A79F-350C455C63A0}.Debug|x64.ActiveCfg = Debug|Any CPU
		{8B3CB367-CB89-40EE-A79F-350C455C63A0}.Debug|x64.Build.0 = Debug|Any CPU
		{8B3CB367-CB89-40EE-A79F-350C455C63A0}.Debug|x86.ActiveCfg = Debug|Any CPU
		{8B3CB367-CB89-40EE-A79F-350C455C63A0}.Debug|x86.Build.0 = Debug|Any CPU
		{8B3CB367-CB89-40EE-A79F-350C455C63A0}.Release|Any CPU.ActiveCfg = Release|Any CPU
		{8B3CB367-CB89-40EE-A79F-350C455C63A0}.Release|Any CPU.Build.0 = Release|Any CPU
		{8B3CB367-CB89-40EE-A79F-350C455C63A0}.Release|x64.ActiveCfg = Release|Any CPU
		{8B3CB367-CB89-40EE-A79F-350C455C63A0}.Release|x64.Build.0 = Release|Any CPU
		{8B3CB367-CB89-40EE-A79F-350C455C63A0}.Release|x86.ActiveCfg = Release|Any CPU
		{8B3CB367-CB89-40EE-A79F-350C455C63A0}.Release|x86.Build.0 = Release|Any CPU
		{E3B0FD83-A9C1-470E-87E0-2874C4AECD4B}.Debug|Any CPU.ActiveCfg = Debug|Any CPU
		{E3B0FD83-A9C1-470E-87E0-2874C4AECD4B}.Debug|Any CPU.Build.0 = Debug|Any CPU
		{E3B0FD83-A9C1-470E-87E0-2874C4AECD4B}.Debug|x64.ActiveCfg = Debug|Any CPU
		{E3B0FD83-A9C1-470E-87E0-2874C4AECD4B}.Debug|x64.Build.0 = Debug|Any CPU
		{E3B0FD83-A9C1-470E-87E0-2874C4AECD4B}.Debug|x86.ActiveCfg = Debug|Any CPU
		{E3B0FD83-A9C1-470E-87E0-2874C4AECD4B}.Debug|x86.Build.0 = Debug|Any CPU
		{E3B0FD83-A9C1-470E-87E0-2874C4AECD4B}.Release|Any CPU.ActiveCfg = Release|Any CPU
		{E3B0FD83-A9C1-470E-87E0-2874C4AECD4B}.Release|Any CPU.Build.0 = Release|Any CPU
		{E3B0FD83-A9C1-470E-87E0-2874C4AECD4B}.Release|x64.ActiveCfg = Release|Any CPU
		{E3B0FD83-A9C1-470E-87E0-2874C4AECD4B}.Release|x64.Build.0 = Release|Any CPU
		{E3B0FD83-A9C1-470E-87E0-2874C4AECD4B}.Release|x86.ActiveCfg = Release|Any CPU
		{E3B0FD83-A9C1-470E-87E0-2874C4AECD4B}.Release|x86.Build.0 = Release|Any CPU
		{29CEE812-23DC-4FB2-8492-AFD6CBC4D260}.Debug|Any CPU.ActiveCfg = Debug|Any CPU
		{29CEE812-23DC-4FB2-8492-AFD6CBC4D260}.Debug|Any CPU.Build.0 = Debug|Any CPU
		{29CEE812-23DC-4FB2-8492-AFD6CBC4D260}.Debug|x64.ActiveCfg = Debug|Any CPU
		{29CEE812-23DC-4FB2-8492-AFD6CBC4D260}.Debug|x64.Build.0 = Debug|Any CPU
		{29CEE812-23DC-4FB2-8492-AFD6CBC4D260}.Debug|x86.ActiveCfg = Debug|Any CPU
		{29CEE812-23DC-4FB2-8492-AFD6CBC4D260}.Debug|x86.Build.0 = Debug|Any CPU
		{29CEE812-23DC-4FB2-8492-AFD6CBC4D260}.Release|Any CPU.ActiveCfg = Release|Any CPU
		{29CEE812-23DC-4FB2-8492-AFD6CBC4D260}.Release|Any CPU.Build.0 = Release|Any CPU
		{29CEE812-23DC-4FB2-8492-AFD6CBC4D260}.Release|x64.ActiveCfg = Release|Any CPU
		{29CEE812-23DC-4FB2-8492-AFD6CBC4D260}.Release|x64.Build.0 = Release|Any CPU
		{29CEE812-23DC-4FB2-8492-AFD6CBC4D260}.Release|x86.ActiveCfg = Release|Any CPU
		{29CEE812-23DC-4FB2-8492-AFD6CBC4D260}.Release|x86.Build.0 = Release|Any CPU
		{882B2B0F-EF8C-4D3F-A60A-30514F88D3C7}.Debug|Any CPU.ActiveCfg = Debug|Any CPU
		{882B2B0F-EF8C-4D3F-A60A-30514F88D3C7}.Debug|Any CPU.Build.0 = Debug|Any CPU
		{882B2B0F-EF8C-4D3F-A60A-30514F88D3C7}.Debug|x64.ActiveCfg = Debug|Any CPU
		{882B2B0F-EF8C-4D3F-A60A-30514F88D3C7}.Debug|x64.Build.0 = Debug|Any CPU
		{882B2B0F-EF8C-4D3F-A60A-30514F88D3C7}.Debug|x86.ActiveCfg = Debug|Any CPU
		{882B2B0F-EF8C-4D3F-A60A-30514F88D3C7}.Debug|x86.Build.0 = Debug|Any CPU
		{882B2B0F-EF8C-4D3F-A60A-30514F88D3C7}.Release|Any CPU.ActiveCfg = Release|Any CPU
		{882B2B0F-EF8C-4D3F-A60A-30514F88D3C7}.Release|Any CPU.Build.0 = Release|Any CPU
		{882B2B0F-EF8C-4D3F-A60A-30514F88D3C7}.Release|x64.ActiveCfg = Release|Any CPU
		{882B2B0F-EF8C-4D3F-A60A-30514F88D3C7}.Release|x64.Build.0 = Release|Any CPU
		{882B2B0F-EF8C-4D3F-A60A-30514F88D3C7}.Release|x86.ActiveCfg = Release|Any CPU
		{882B2B0F-EF8C-4D3F-A60A-30514F88D3C7}.Release|x86.Build.0 = Release|Any CPU
		{584F5B9E-7163-4604-B5C9-6ECB7A736BC1}.Debug|Any CPU.ActiveCfg = Debug|Any CPU
		{584F5B9E-7163-4604-B5C9-6ECB7A736BC1}.Debug|Any CPU.Build.0 = Debug|Any CPU
		{584F5B9E-7163-4604-B5C9-6ECB7A736BC1}.Debug|x64.ActiveCfg = Debug|Any CPU
		{584F5B9E-7163-4604-B5C9-6ECB7A736BC1}.Debug|x64.Build.0 = Debug|Any CPU
		{584F5B9E-7163-4604-B5C9-6ECB7A736BC1}.Debug|x86.ActiveCfg = Debug|Any CPU
		{584F5B9E-7163-4604-B5C9-6ECB7A736BC1}.Debug|x86.Build.0 = Debug|Any CPU
		{584F5B9E-7163-4604-B5C9-6ECB7A736BC1}.Release|Any CPU.ActiveCfg = Release|Any CPU
		{584F5B9E-7163-4604-B5C9-6ECB7A736BC1}.Release|Any CPU.Build.0 = Release|Any CPU
		{584F5B9E-7163-4604-B5C9-6ECB7A736BC1}.Release|x64.ActiveCfg = Release|Any CPU
		{584F5B9E-7163-4604-B5C9-6ECB7A736BC1}.Release|x64.Build.0 = Release|Any CPU
		{584F5B9E-7163-4604-B5C9-6ECB7A736BC1}.Release|x86.ActiveCfg = Release|Any CPU
		{584F5B9E-7163-4604-B5C9-6ECB7A736BC1}.Release|x86.Build.0 = Release|Any CPU
	EndGlobalSection
	GlobalSection(NestedProjects) = preSolution
		{34B7123E-AB43-4CC4-81C8-7D85C8809E22} = {6C732C67-E5F8-402B-8423-C58450036DA2}
		{B4C2FBD6-A34B-43EC-BCCC-B72D9AEF337B} = {6C732C67-E5F8-402B-8423-C58450036DA2}
		{0C26B0A4-237B-466D-A1E0-F4EAC3B8BE82} = {6C732C67-E5F8-402B-8423-C58450036DA2}
		{43987953-B305-468E-859E-67920C00B90A} = {6C732C67-E5F8-402B-8423-C58450036DA2}
		{7420C208-8F22-43BE-9A8E-5BE7978A3E56} = {89D5F2A9-6769-48AB-B16A-2E12E4448B80}
		{C430DDC5-9894-417D-ACB5-E0CDF7E79B1B} = {89D5F2A9-6769-48AB-B16A-2E12E4448B80}
		{30EF44EC-0C25-4B23-97B6-661B8076A77F} = {6C732C67-E5F8-402B-8423-C58450036DA2}
		{B7C5E632-BBF4-47DA-81CD-C14584B5C591} = {38D62A6C-8037-4AD0-B461-D9D68D5DCEE3}
		{8B3CB367-CB89-40EE-A79F-350C455C63A0} = {38D62A6C-8037-4AD0-B461-D9D68D5DCEE3}
		{E3B0FD83-A9C1-470E-87E0-2874C4AECD4B} = {38D62A6C-8037-4AD0-B461-D9D68D5DCEE3}
		{29CEE812-23DC-4FB2-8492-AFD6CBC4D260} = {38D62A6C-8037-4AD0-B461-D9D68D5DCEE3}
		{882B2B0F-EF8C-4D3F-A60A-30514F88D3C7} = {38D62A6C-8037-4AD0-B461-D9D68D5DCEE3}
		{584F5B9E-7163-4604-B5C9-6ECB7A736BC1} = {38D62A6C-8037-4AD0-B461-D9D68D5DCEE3}
	EndGlobalSection
EndGlobal
